
Microsoft Visual Studio Solution File, Format Version 12.00
# Visual Studio Version 16
VisualStudioVersion = 16.0.30114.105
MinimumVisualStudioVersion = 10.0.40219.1
Project("{FAE04EC0-301F-11D3-BF4B-00C04F79EFBC}") = "truelayer-signing", "src\truelayer-signing.csproj", "{8CF3CC06-ABAE-4D6F-8AB9-879F2E54101A}"
EndProject
Project("{FAE04EC0-301F-11D3-BF4B-00C04F79EFBC}") = "truelayer-signing.test", "test\TrueLayer.Signing.Test\truelayer-signing.test.csproj", "{1357A459-8D8E-4780-9037-BD6357894AA6}"
EndProject
Project("{2150E333-8FDC-42A3-9474-1A3956D46DE8}") = "test", "test", "{0C6E6BAF-EDBA-41E2-B67F-E3AE0E7F2123}"
EndProject
Project("{FAE04EC0-301F-11D3-BF4B-00C04F79EFBC}") = "Benchmarks", "test\Benchmarks\Benchmarks.csproj", "{197F0A81-2C9F-43F1-99E8-756E5FE65C75}"
EndProject
Global
	GlobalSection(SolutionConfigurationPlatforms) = preSolution
		Debug|Any CPU = Debug|Any CPU
		Debug|x64 = Debug|x64
		Debug|x86 = Debug|x86
		Release|Any CPU = Release|Any CPU
		Release|x64 = Release|x64
		Release|x86 = Release|x86
	EndGlobalSection
	GlobalSection(SolutionProperties) = preSolution
		HideSolutionNode = FALSE
	EndGlobalSection
	GlobalSection(ProjectConfigurationPlatforms) = postSolution
		{8CF3CC06-ABAE-4D6F-8AB9-879F2E54101A}.Debug|Any CPU.ActiveCfg = Debug|Any CPU
		{8CF3CC06-ABAE-4D6F-8AB9-879F2E54101A}.Debug|Any CPU.Build.0 = Debug|Any CPU
		{8CF3CC06-ABAE-4D6F-8AB9-879F2E54101A}.Debug|x64.ActiveCfg = Debug|Any CPU
		{8CF3CC06-ABAE-4D6F-8AB9-879F2E54101A}.Debug|x64.Build.0 = Debug|Any CPU
		{8CF3CC06-ABAE-4D6F-8AB9-879F2E54101A}.Debug|x86.ActiveCfg = Debug|Any CPU
		{8CF3CC06-ABAE-4D6F-8AB9-879F2E54101A}.Debug|x86.Build.0 = Debug|Any CPU
		{8CF3CC06-ABAE-4D6F-8AB9-879F2E54101A}.Release|Any CPU.ActiveCfg = Release|Any CPU
		{8CF3CC06-ABAE-4D6F-8AB9-879F2E54101A}.Release|Any CPU.Build.0 = Release|Any CPU
		{8CF3CC06-ABAE-4D6F-8AB9-879F2E54101A}.Release|x64.ActiveCfg = Release|Any CPU
		{8CF3CC06-ABAE-4D6F-8AB9-879F2E54101A}.Release|x64.Build.0 = Release|Any CPU
		{8CF3CC06-ABAE-4D6F-8AB9-879F2E54101A}.Release|x86.ActiveCfg = Release|Any CPU
		{8CF3CC06-ABAE-4D6F-8AB9-879F2E54101A}.Release|x86.Build.0 = Release|Any CPU
		{1357A459-8D8E-4780-9037-BD6357894AA6}.Debug|Any CPU.ActiveCfg = Debug|Any CPU
		{1357A459-8D8E-4780-9037-BD6357894AA6}.Debug|Any CPU.Build.0 = Debug|Any CPU
		{1357A459-8D8E-4780-9037-BD6357894AA6}.Debug|x64.ActiveCfg = Debug|Any CPU
		{1357A459-8D8E-4780-9037-BD6357894AA6}.Debug|x64.Build.0 = Debug|Any CPU
		{1357A459-8D8E-4780-9037-BD6357894AA6}.Debug|x86.ActiveCfg = Debug|Any CPU
		{1357A459-8D8E-4780-9037-BD6357894AA6}.Debug|x86.Build.0 = Debug|Any CPU
		{1357A459-8D8E-4780-9037-BD6357894AA6}.Release|Any CPU.ActiveCfg = Release|Any CPU
		{1357A459-8D8E-4780-9037-BD6357894AA6}.Release|Any CPU.Build.0 = Release|Any CPU
		{1357A459-8D8E-4780-9037-BD6357894AA6}.Release|x64.ActiveCfg = Release|Any CPU
		{1357A459-8D8E-4780-9037-BD6357894AA6}.Release|x64.Build.0 = Release|Any CPU
		{1357A459-8D8E-4780-9037-BD6357894AA6}.Release|x86.ActiveCfg = Release|Any CPU
		{1357A459-8D8E-4780-9037-BD6357894AA6}.Release|x86.Build.0 = Release|Any CPU
		{197F0A81-2C9F-43F1-99E8-756E5FE65C75}.Debug|Any CPU.ActiveCfg = Debug|Any CPU
		{197F0A81-2C9F-43F1-99E8-756E5FE65C75}.Debug|Any CPU.Build.0 = Debug|Any CPU
		{197F0A81-2C9F-43F1-99E8-756E5FE65C75}.Debug|x64.ActiveCfg = Debug|Any CPU
		{197F0A81-2C9F-43F1-99E8-756E5FE65C75}.Debug|x64.Build.0 = Debug|Any CPU
		{197F0A81-2C9F-43F1-99E8-756E5FE65C75}.Debug|x86.ActiveCfg = Debug|Any CPU
		{197F0A81-2C9F-43F1-99E8-756E5FE65C75}.Debug|x86.Build.0 = Debug|Any CPU
		{197F0A81-2C9F-43F1-99E8-756E5FE65C75}.Release|Any CPU.ActiveCfg = Release|Any CPU
		{197F0A81-2C9F-43F1-99E8-756E5FE65C75}.Release|Any CPU.Build.0 = Release|Any CPU
		{197F0A81-2C9F-43F1-99E8-756E5FE65C75}.Release|x64.ActiveCfg = Release|Any CPU
		{197F0A81-2C9F-43F1-99E8-756E5FE65C75}.Release|x64.Build.0 = Release|Any CPU
		{197F0A81-2C9F-43F1-99E8-756E5FE65C75}.Release|x86.ActiveCfg = Release|Any CPU
		{197F0A81-2C9F-43F1-99E8-756E5FE65C75}.Release|x86.Build.0 = Release|Any CPU
	EndGlobalSection
	GlobalSection(NestedProjects) = preSolution
		{197F0A81-2C9F-43F1-99E8-756E5FE65C75} = {0C6E6BAF-EDBA-41E2-B67F-E3AE0E7F2123}
	EndGlobalSection
EndGlobal
