# THIS IS AN AUTOGENERATED FILE. DO NOT EDIT THIS FILE DIRECTLY.
# yarn lockfile v1


"@aws-crypto/crc32@5.2.0":
  version "5.2.0"
  resolved "https://registry.yarnpkg.com/@aws-crypto/crc32/-/crc32-5.2.0.tgz#cfcc22570949c98c6689cfcbd2d693d36cdae2e1"
  integrity sha512-nLbCWqQNgUiwwtFsen1AdzAtvuLRsQS8rYgMuxCrdKf9kOssamGLuPwyTY9wyYblNr9+1XM8v6zoDTPPSIeANg==
  dependencies:
    "@aws-crypto/util" "^5.2.0"
    "@aws-sdk/types" "^3.222.0"
    tslib "^2.6.2"

"@aws-crypto/sha256-browser@5.2.0":
  version "5.2.0"
  resolved "https://registry.yarnpkg.com/@aws-crypto/sha256-browser/-/sha256-browser-5.2.0.tgz#153895ef1dba6f9fce38af550e0ef58988eb649e"
  integrity sha512-AXfN/lGotSQwu6HNcEsIASo7kWXZ5HYWvfOmSNKDsEqC4OashTp8alTmaz+F7TC2L083SFv5RdB+qU3Vs1kZqw==
  dependencies:
    "@aws-crypto/sha256-js" "^5.2.0"
    "@aws-crypto/supports-web-crypto" "^5.2.0"
    "@aws-crypto/util" "^5.2.0"
    "@aws-sdk/types" "^3.222.0"
    "@aws-sdk/util-locate-window" "^3.0.0"
    "@smithy/util-utf8" "^2.0.0"
    tslib "^2.6.2"

"@aws-crypto/sha256-js@5.2.0", "@aws-crypto/sha256-js@^5.2.0":
  version "5.2.0"
  resolved "https://registry.yarnpkg.com/@aws-crypto/sha256-js/-/sha256-js-5.2.0.tgz#c4fdb773fdbed9a664fc1a95724e206cf3860042"
  integrity sha512-FFQQyu7edu4ufvIZ+OadFpHHOt+eSTBaYaki44c+akjg7qZg9oOQeLlk77F6tSYqjDAFClrHJk9tMf0HdVyOvA==
  dependencies:
    "@aws-crypto/util" "^5.2.0"
    "@aws-sdk/types" "^3.222.0"
    tslib "^2.6.2"

"@aws-crypto/supports-web-crypto@^5.2.0":
  version "5.2.0"
  resolved "https://registry.yarnpkg.com/@aws-crypto/supports-web-crypto/-/supports-web-crypto-5.2.0.tgz#a1e399af29269be08e695109aa15da0a07b5b5fb"
  integrity sha512-iAvUotm021kM33eCdNfwIN//F77/IADDSs58i+MDaOqFrVjZo9bAal0NK7HurRuWLLpF1iLX7gbWrjHjeo+YFg==
  dependencies:
    tslib "^2.6.2"

"@aws-crypto/util@^5.2.0":
  version "5.2.0"
  resolved "https://registry.yarnpkg.com/@aws-crypto/util/-/util-5.2.0.tgz#71284c9cffe7927ddadac793c14f14886d3876da"
  integrity sha512-4RkU9EsI6ZpBve5fseQlGNUWKMa1RLPQ1dnjnQoe07ldfIzcsGb5hC5W0Dm7u423KWzawlrpbjXBrXCEv9zazQ==
  dependencies:
    "@aws-sdk/types" "^3.222.0"
    "@smithy/util-utf8" "^2.0.0"
    tslib "^2.6.2"

"@aws-sdk/client-kms@^3.329.0":
  version "3.1069.0"
  resolved "https://registry.yarnpkg.com/@aws-sdk/client-kms/-/client-kms-3.1069.0.tgz#c93e0e28fc438b3059f23af17edfe16d43c27f02"
  integrity sha512-UmaPr9MievvQGBsQeFUNcSQuc2rNEs9wp/8fBN/dRsk8PWpD+Xd5f6ghNgKcg2kp8L4s/gIp5ezJldESuFTlxw==
  dependencies:
    "@aws-crypto/sha256-browser" "5.2.0"
    "@aws-crypto/sha256-js" "5.2.0"
    "@aws-sdk/core" "^3.974.21"
    "@aws-sdk/credential-provider-node" "^3.972.56"
    "@aws-sdk/types" "^3.973.13"
    "@smithy/core" "^3.24.6"
    "@smithy/fetch-http-handler" "^5.4.6"
    "@smithy/node-http-handler" "^4.7.6"
    "@smithy/types" "^4.14.3"
    tslib "^2.6.2"

"@aws-sdk/core@^3.974.21":
  version "3.974.21"
  resolved "https://registry.yarnpkg.com/@aws-sdk/core/-/core-3.974.21.tgz#bf173e6c3585dfc01e9ff6563ed12b6ad1bda330"
  integrity sha512-P5JAHvn4dTi96UsAGS67LVOqqpUNNRhnfFXqzCYtdBIGZtqBue4CXvRr9YenOO7PALj/Pn8uuyw53FBCiCYw8w==
  dependencies:
    "@aws-sdk/types" "^3.973.13"
    "@aws-sdk/xml-builder" "^3.972.30"
    "@aws/lambda-invoke-store" "^0.2.2"
    "@smithy/core" "^3.24.6"
    "@smithy/signature-v4" "^5.4.6"
    "@smithy/types" "^4.14.3"
    bowser "^2.11.0"
    tslib "^2.6.2"

"@aws-sdk/credential-provider-env@^3.972.47":
  version "3.972.47"
  resolved "https://registry.yarnpkg.com/@aws-sdk/credential-provider-env/-/credential-provider-env-3.972.47.tgz#1a1fdb32eae2750d9ab49cd615bd51f285552f30"
  integrity sha512-3YoPwJczcc+MtX2xxXaYaOOWO6xKUJr1ZIIDIFuninr51BYONVVcF/CP8K2xfVRC/PztJjqKWxNGFH7BWQAw1Q==
  dependencies:
    "@aws-sdk/core" "^3.974.21"
    "@aws-sdk/types" "^3.973.13"
    "@smithy/core" "^3.24.6"
    "@smithy/types" "^4.14.3"
    tslib "^2.6.2"

"@aws-sdk/credential-provider-http@^3.972.49":
  version "3.972.49"
  resolved "https://registry.yarnpkg.com/@aws-sdk/credential-provider-http/-/credential-provider-http-3.972.49.tgz#af9beb1597e98b57382b7cc1bdb314e8bc84bad0"
  integrity sha512-2UtGUPy+x3lqyceHrtC1uEuVxBZbDalPF6KAFqBwYgm4edWdBrZKNnCqzDs7KynWUvEC6mrR+ojRk+ZgQz9C2w==
  dependencies:
    "@aws-sdk/core" "^3.974.21"
    "@aws-sdk/types" "^3.973.13"
    "@smithy/core" "^3.24.6"
    "@smithy/fetch-http-handler" "^5.4.6"
    "@smithy/node-http-handler" "^4.7.6"
    "@smithy/types" "^4.14.3"
    tslib "^2.6.2"

"@aws-sdk/credential-provider-ini@^3.972.54":
  version "3.972.54"
  resolved "https://registry.yarnpkg.com/@aws-sdk/credential-provider-ini/-/credential-provider-ini-3.972.54.tgz#57281b580804cd9801bcd40a40b1b5c8f4ffacae"
  integrity sha512-Hx4gO4YRjFwitf3MVl3cDwYe1aryJthC4txVl9b+JAURovA50M2ywf9r8j1E/Q6SCTPT4qQpjOAbKYIC9CG+Vw==
  dependencies:
    "@aws-sdk/core" "^3.974.21"
    "@aws-sdk/credential-provider-env" "^3.972.47"
    "@aws-sdk/credential-provider-http" "^3.972.49"
    "@aws-sdk/credential-provider-login" "^3.972.53"
    "@aws-sdk/credential-provider-process" "^3.972.47"
    "@aws-sdk/credential-provider-sso" "^3.972.53"
    "@aws-sdk/credential-provider-web-identity" "^3.972.53"
    "@aws-sdk/nested-clients" "^3.997.21"
    "@aws-sdk/types" "^3.973.13"
    "@smithy/core" "^3.24.6"
    "@smithy/credential-provider-imds" "^4.3.7"
    "@smithy/types" "^4.14.3"
    tslib "^2.6.2"

"@aws-sdk/credential-provider-login@^3.972.53":
  version "3.972.53"
  resolved "https://registry.yarnpkg.com/@aws-sdk/credential-provider-login/-/credential-provider-login-3.972.53.tgz#cd61cb6e4656553f1728cb45caf60c7bc04d25f0"
  integrity sha512-+71sluhkgPqdhbbD3UDwUpj24GCkng9HQx6z7qoBFb8dwkF4ktpOcVKDeHpgg8PvBgLYwAnUYLTEGRC/PniCiQ==
  dependencies:
    "@aws-sdk/core" "^3.974.21"
    "@aws-sdk/nested-clients" "^3.997.21"
    "@aws-sdk/types" "^3.973.13"
    "@smithy/core" "^3.24.6"
    "@smithy/types" "^4.14.3"
    tslib "^2.6.2"

"@aws-sdk/credential-provider-node@^3.972.56":
  version "3.972.56"
  resolved "https://registry.yarnpkg.com/@aws-sdk/credential-provider-node/-/credential-provider-node-3.972.56.tgz#8d040683a7c8bfb6d97fc5d2d133532ae503cf42"
  integrity sha512-iI+4o0dvQQ4NHel4FMDiFy5q2gaU/ryLK3niOsoPccAt9WLFRkV4XTYPWRr9XvmBUqEzXG73S4p/8gm0Lu/W3A==
  dependencies:
    "@aws-sdk/credential-provider-env" "^3.972.47"
    "@aws-sdk/credential-provider-http" "^3.972.49"
    "@aws-sdk/credential-provider-ini" "^3.972.54"
    "@aws-sdk/credential-provider-process" "^3.972.47"
    "@aws-sdk/credential-provider-sso" "^3.972.53"
    "@aws-sdk/credential-provider-web-identity" "^3.972.53"
    "@aws-sdk/types" "^3.973.13"
    "@smithy/core" "^3.24.6"
    "@smithy/credential-provider-imds" "^4.3.7"
    "@smithy/types" "^4.14.3"
    tslib "^2.6.2"

"@aws-sdk/credential-provider-process@^3.972.47":
  version "3.972.47"
  resolved "https://registry.yarnpkg.com/@aws-sdk/credential-provider-process/-/credential-provider-process-3.972.47.tgz#bfc176edb72910264f39d6ebf2b16bdc91dbbd5f"
  integrity sha512-tAizPm9IFo/PHn06c+LQJlzfY2AGOlyF0CUljFejrU6LcZBjnk8pmbZK3/xoIDdnIzjEdbClfvY3mXfr818ZEg==
  dependencies:
    "@aws-sdk/core" "^3.974.21"
    "@aws-sdk/types" "^3.973.13"
    "@smithy/core" "^3.24.6"
    "@smithy/types" "^4.14.3"
    tslib "^2.6.2"

"@aws-sdk/credential-provider-sso@^3.972.53":
  version "3.972.53"
  resolved "https://registry.yarnpkg.com/@aws-sdk/credential-provider-sso/-/credential-provider-sso-3.972.53.tgz#018bf9178299b749871d74b657bf1488af3d3bab"
  integrity sha512-pUXE3fu4tfEDV8BksIgf4dXvuIH10FhwHMl/wu8rBD5T1sMpryQWFVitH3kdPS90wlgrGYJQ/meQTSPacyZfeg==
  dependencies:
    "@aws-sdk/core" "^3.974.21"
    "@aws-sdk/nested-clients" "^3.997.21"
    "@aws-sdk/token-providers" "3.1069.0"
    "@aws-sdk/types" "^3.973.13"
    "@smithy/core" "^3.24.6"
    "@smithy/types" "^4.14.3"
    tslib "^2.6.2"

"@aws-sdk/credential-provider-web-identity@^3.972.53":
  version "3.972.53"
  resolved "https://registry.yarnpkg.com/@aws-sdk/credential-provider-web-identity/-/credential-provider-web-identity-3.972.53.tgz#830f7a598610f47c8424f9452f8d04d28ca1a066"
  integrity sha512-JmMGlhVvSj8uSG9CpeDkJAXT35H89tc6v84iMgEIE75q4yp1MKVVKvopv6Gg28HJIR7hMNkojRF8H2m5W44wyg==
  dependencies:
    "@aws-sdk/core" "^3.974.21"
    "@aws-sdk/nested-clients" "^3.997.21"
    "@aws-sdk/types" "^3.973.13"
    "@smithy/core" "^3.24.6"
    "@smithy/types" "^4.14.3"
    tslib "^2.6.2"

"@aws-sdk/nested-clients@^3.997.21":
  version "3.997.21"
  resolved "https://registry.yarnpkg.com/@aws-sdk/nested-clients/-/nested-clients-3.997.21.tgz#1b21a56409f22af63c8a4e731fbc1a51b6360b2b"
  integrity sha512-eC7Vl7Qom/BGhZjG9GEqPwdQ/fk45hg1t5LP4EUxG5d1fdshLbaxCiwh/tszUzDX/4mW40mu2QsbeJJRPBbqUw==
  dependencies:
    "@aws-crypto/sha256-browser" "5.2.0"
    "@aws-crypto/sha256-js" "5.2.0"
    "@aws-sdk/core" "^3.974.21"
    "@aws-sdk/signature-v4-multi-region" "^3.996.35"
    "@aws-sdk/types" "^3.973.13"
    "@smithy/core" "^3.24.6"
    "@smithy/fetch-http-handler" "^5.4.6"
    "@smithy/node-http-handler" "^4.7.6"
    "@smithy/types" "^4.14.3"
    tslib "^2.6.2"

"@aws-sdk/signature-v4-multi-region@^3.996.35":
  version "3.996.35"
  resolved "https://registry.yarnpkg.com/@aws-sdk/signature-v4-multi-region/-/signature-v4-multi-region-3.996.35.tgz#2994b9f33e84b9c74392b7495f89e5c958bda503"
  integrity sha512-6L/VWs+Wch2stHemCGTmUNqKLMzURxQDK5boNG3Jn3kAOp71meDUuS5sbObpEvFxHDq0uWeSLFDNSYsjNt+Dlg==
  dependencies:
    "@aws-sdk/types" "^3.973.13"
    "@smithy/signature-v4" "^5.4.6"
    "@smithy/types" "^4.14.3"
    tslib "^2.6.2"

"@aws-sdk/token-providers@3.1069.0":
  version "3.1069.0"
  resolved "https://registry.yarnpkg.com/@aws-sdk/token-providers/-/token-providers-3.1069.0.tgz#0cc290f99ca683d7e0cb711ce4904ae70bdcd17f"
  integrity sha512-ks4X+kngC3PA5howV7Qu1TgG4bfC4jPykKdvw3nmBSXR9yZxRJouBholFSNQ5kY3L+Fgwyw+LCjzQmNi+KR91g==
  dependencies:
    "@aws-sdk/core" "^3.974.21"
    "@aws-sdk/nested-clients" "^3.997.21"
    "@aws-sdk/types" "^3.973.13"
    "@smithy/core" "^3.24.6"
    "@smithy/types" "^4.14.3"
    tslib "^2.6.2"

"@aws-sdk/types@^3.222.0", "@aws-sdk/types@^3.973.13":
  version "3.973.13"
  resolved "https://registry.yarnpkg.com/@aws-sdk/types/-/types-3.973.13.tgz#c076f611e94394a49c1bc1aeb64371ef6db4b3da"
  integrity sha512-pEHZqRkAlHfnfAU9tK+WpKv/gBNjGJrHMgA3A0iYRGyswBS2t0pfez+lWlwktb3Bqa0ovh7w/QJTFwp3fDxLNg==
  dependencies:
    "@smithy/types" "^4.14.3"
    tslib "^2.6.2"

"@aws-sdk/util-locate-window@^3.0.0":
  version "3.965.8"
  resolved "https://registry.yarnpkg.com/@aws-sdk/util-locate-window/-/util-locate-window-3.965.8.tgz#d9a6bede3c136f433441391615da68c924692487"
  integrity sha512-uUbMs1cBZPafD0ohUj6EwNf0fPZ534NvBxHox4hjX+0Rxq5paSYUem7+hi833pYrzrcnBATKIYpR02MDXT5M9g==
  dependencies:
    tslib "^2.6.2"

"@aws-sdk/xml-builder@^3.972.30":
  version "3.972.30"
  resolved "https://registry.yarnpkg.com/@aws-sdk/xml-builder/-/xml-builder-3.972.30.tgz#a52f9d8a69b1ceedb21012dd7830f098aa11102c"
  integrity sha512-StElZPEoBquWwNqw1AcfpzEyZqJvFxouG+mpDNYlcH6ZOrqd2CuIryv+8LV8gNHZUOyKyJF3Dq9vxaXEmDR9TQ==
  dependencies:
    "@smithy/types" "^4.14.3"
    fast-xml-parser "5.7.3"
    tslib "^2.6.2"

"@aws/lambda-invoke-store@^0.2.2":
  version "0.2.4"
  resolved "https://registry.yarnpkg.com/@aws/lambda-invoke-store/-/lambda-invoke-store-0.2.4.tgz#802f6a50f6b6589063ef63ba8acdee86fcb9f395"
  integrity sha512-iY8yvjE0y651BixKNPgmv1WrQc+GZ142sb0z4gYnChDDY2YqI4P/jsSopBWrKfAt7LOJAkOXt7rC/hms+WclQQ==

"@nodable/entities@^2.1.0":
  version "2.2.0"
  resolved "https://registry.yarnpkg.com/@nodable/entities/-/entities-2.2.0.tgz#a1d45a992b022591b1c2b03a77935c939375b642"
  integrity sha512-9uGyhaQavEUMC8AIddIjau4NsnsXhou+j5sBAGojCM1oxmQpVKTWR/9JxABD6UAv12vpIms55fPZKFQEhG6uBg==

"@smithy/core@^3.24.6", "@smithy/core@^3.25.0":
  version "3.25.0"
  resolved "https://registry.yarnpkg.com/@smithy/core/-/core-3.25.0.tgz#7247961c444311bdb19125a4802f876e16344b34"
  integrity sha512-TTD6el7tvKyafkXBf7XO3jLOE+qVxOTrLjp/fEGiV3BMfUHK/LfdYlQO9YgZvzxC7kqA3H/IhJXNqQgnbgjb7A==
  dependencies:
    "@aws-crypto/crc32" "5.2.0"
    "@smithy/types" "^4.15.0"
    tslib "^2.6.2"

"@smithy/credential-provider-imds@^4.3.7":
  version "4.4.0"
  resolved "https://registry.yarnpkg.com/@smithy/credential-provider-imds/-/credential-provider-imds-4.4.0.tgz#f9fa2ae1a9ddf936c1cc9deaf99f054f2fcce5db"
  integrity sha512-pPQmNdEvMJttv9z2kdYxoui83p/nr32zjMf0aMfmzmGmFEgKXUfy0vXiNg0fx4R5XLQzmJBLM9Wg0guEq2/q8A==
  dependencies:
    "@smithy/core" "^3.25.0"
    "@smithy/types" "^4.15.0"
    tslib "^2.6.2"

"@smithy/fetch-http-handler@^5.4.6":
  version "5.5.0"
  resolved "https://registry.yarnpkg.com/@smithy/fetch-http-handler/-/fetch-http-handler-5.5.0.tgz#15ac7cdabffaf919eae1a499b45628ef982556ff"
  integrity sha512-OG8kBYAgX7lf32+xLzgirvuLffn1KNoszaSiButt45i2cRa5irk8LQXLYQ5Smij1SBTN4KMNcBsRwRrLPfIGyA==
  dependencies:
    "@smithy/core" "^3.25.0"
    "@smithy/types" "^4.15.0"
    tslib "^2.6.2"

"@smithy/is-array-buffer@^2.2.0":
  version "2.2.0"
  resolved "https://registry.yarnpkg.com/@smithy/is-array-buffer/-/is-array-buffer-2.2.0.tgz#f84f0d9f9a36601a9ca9381688bd1b726fd39111"
  integrity sha512-GGP3O9QFD24uGeAXYUjwSTXARoqpZykHadOmA8G5vfJPK0/DC67qa//0qvqrJzL1xc8WQWX7/yc7fwudjPHPhA==
  dependencies:
    tslib "^2.6.2"

"@smithy/node-http-handler@^4.7.6":
  version "4.8.0"
  resolved "https://registry.yarnpkg.com/@smithy/node-http-handler/-/node-http-handler-4.8.0.tgz#515f710b17f6086f0e1eccc85fbd5c4014dac16d"
  integrity sha512-Mq7TNt/VhlEWiYRLQGpzUWeUxh899UGpjKh7Ru0WVIDIjnE+cTRAn0NYlFQ6bWfsQnKnpCbWJj86HzmcG0qEdg==
  dependencies:
    "@smithy/core" "^3.25.0"
    "@smithy/types" "^4.15.0"
    tslib "^2.6.2"

"@smithy/signature-v4@^5.4.6":
  version "5.5.0"
  resolved "https://registry.yarnpkg.com/@smithy/signature-v4/-/signature-v4-5.5.0.tgz#12879a3a8b37a952fa1f2ba87a273830931ef99c"
  integrity sha512-vW6UdK7e7gV2wU/tXRsPq4pMQMusb8VymdVOyIFNA1FtyRmEClRFkYDtYI8UcO/HM0wK3qqjvvQs3HOlbgMbdg==
  dependencies:
    "@smithy/core" "^3.25.0"
    "@smithy/types" "^4.15.0"
    tslib "^2.6.2"

"@smithy/types@^4.14.3", "@smithy/types@^4.15.0":
  version "4.15.0"
  resolved "https://registry.yarnpkg.com/@smithy/types/-/types-4.15.0.tgz#0346065c3e810755428df89c9a84427969931357"
  integrity sha512-Z5TAOxygoFvybJV3igo5SloFflSokHx2hu1eFA+DxDTcn+FtKxUSui+rbTRG1pAafMA888Z3MVvCWUuvCrTXjg==
  dependencies:
    tslib "^2.6.2"

"@smithy/util-buffer-from@^2.2.0":
  version "2.2.0"
  resolved "https://registry.yarnpkg.com/@smithy/util-buffer-from/-/util-buffer-from-2.2.0.tgz#6fc88585165ec73f8681d426d96de5d402021e4b"
  integrity sha512-IJdWBbTcMQ6DA0gdNhh/BwrLkDR+ADW5Kr1aZmd4k3DIF6ezMV4R2NIAmT08wQJ3yUK82thHWmC/TnK/wpMMIA==
  dependencies:
    "@smithy/is-array-buffer" "^2.2.0"
    tslib "^2.6.2"

"@smithy/util-utf8@^2.0.0":
  version "2.3.0"
  resolved "https://registry.yarnpkg.com/@smithy/util-utf8/-/util-utf8-2.3.0.tgz#dd96d7640363259924a214313c3cf16e7dd329c5"
  integrity sha512-R8Rdn8Hy72KKcebgLiv8jQcQkXoLMOGGv5uI1/k0l+snqkOzQ1R0ChUBCxWMlBsFMekWjq0wRudIweFs7sKT5A==
  dependencies:
    "@smithy/util-buffer-from" "^2.2.0"
    tslib "^2.6.2"

"@types/jwk-to-pem@^2.0.1":
  version "2.0.3"
  resolved "https://registry.yarnpkg.com/@types/jwk-to-pem/-/jwk-to-pem-2.0.3.tgz#ba06bc681c194473e9d8cdb85a835f2dd839fd92"
  integrity sha512-I/WFyFgk5GrNbkpmt14auGO3yFK1Wt4jXzkLuI+fDBNtO5ZI2rbymyGd6bKzfSBEuyRdM64ZUwxU1+eDcPSOEQ==

"@types/node@^20.1.2":
  version "20.19.43"
  resolved "https://registry.yarnpkg.com/@types/node/-/node-20.19.43.tgz#fcecf580ba42a0db55cf404c372c97973c376c97"
  integrity sha512-6oYBAi5ikg4Pl+kGsoYtawUMBT2zZMCvPNF7pVLnHZfd1zf38DRiWn/gT01RYCdUqkv7Fhr+C9ot4/tb+2sVvA==
  dependencies:
    undici-types "~6.21.0"

"@types/node@^24.10.1":
  version "24.13.2"
  resolved "https://registry.yarnpkg.com/@types/node/-/node-24.13.2.tgz#3b9b280a7055128359f125eb1067d9a190f39854"
  integrity sha512-fRa09kZTgu8o71KFcDjUFuc7F+dEbZYZmkI0mg5YBTRs0yMKjYHsq/c0urDKeDb+D5qVgXOdFcuu+DZPKOITwA==
  dependencies:
    undici-types "~7.18.0"

anynum@^1.0.0:
  version "1.0.0"
  resolved "https://registry.yarnpkg.com/anynum/-/anynum-1.0.0.tgz#afe3f3a78c6621fbdf1e107154fac01eef711cc5"
  integrity sha512-xjR9/zBVnUOP6ztMIIgShjsxui80nQUQH+5xJnvrYLs+90bF25/KJqaAi8mk+B4RDtX1Nspi6fmp4YTEts8SfA==

asn1.js@^5.3.0:
  version "5.4.1"
  resolved "https://registry.yarnpkg.com/asn1.js/-/asn1.js-5.4.1.tgz#11a980b84ebb91781ce35b0fdc2ee294e3783f07"
  integrity sha512-+I//4cYPccV8LdmBLiX8CYvf9Sp3vQsrqu2QNXRcrbiWvcx/UdlFiqUJJzxRQxgsZmvhXhn4cSKeSmoFjVdupA==
  dependencies:
    bn.js "^4.0.0"
    inherits "^2.0.1"
    minimalistic-assert "^1.0.0"
    safer-buffer "^2.1.0"

bn.js@^4.0.0, bn.js@^4.11.9:
  version "4.12.3"
  resolved "https://registry.yarnpkg.com/bn.js/-/bn.js-4.12.3.tgz#2cc2c679188eb35b006f2d0d4710bed8437a769e"
  integrity sha512-fGTi3gxV/23FTYdAoUtLYp6qySe2KE3teyZitipKNRuVYcBkoP/bB3guXN/XVKUe9mxCHXnc9C4ocyz8OmgN0g==

bowser@^2.11.0:
  version "2.14.1"
  resolved "https://registry.yarnpkg.com/bowser/-/bowser-2.14.1.tgz#4ea39bf31e305184522d7ad7bfd91389e4f0cb79"
  integrity sha512-tzPjzCxygAKWFOJP011oxFHs57HzIhOEracIgAePE4pqB3LikALKnSzUyU4MGs9/iCEUuHlAJTjTc5M+u7YEGg==

brorand@^1.1.0:
  version "1.1.0"
  resolved "https://registry.yarnpkg.com/brorand/-/brorand-1.1.0.tgz#12c25efe40a45e3c323eb8675a0a0ce57b22371f"
  integrity sha512-cKV8tMCEpQs4hK/ik71d6LrPOnpkpGBR0wzxqr68g2m/LB2GxVYQroAjMJZRVM1Y4BCjCKc3vAamxSzOY2RP+w==

buffer-equal-constant-time@^1.0.1:
  version "1.0.1"
  resolved "https://registry.yarnpkg.com/buffer-equal-constant-time/-/buffer-equal-constant-time-1.0.1.tgz#f8e71132f7ffe6e01a5c9697a4c6f3e48d5cc819"
  integrity sha512-zRpUiDwd/xk6ADqPMATG8vc9VPrkck7T07OIx0gnjmJAnHnTVXNQG3vfvWNuiZIkwu9KrKdA1iJKfsfTVxE6NA==

dotenv@^16.0.3:
  version "16.6.1"
  resolved "https://registry.yarnpkg.com/dotenv/-/dotenv-16.6.1.tgz#773f0e69527a8315c7285d5ee73c4459d20a8020"
  integrity sha512-uBq4egWHTcTt33a72vpSG0z3HnPuIl6NqYcTrKEg2azoEyl2hpW0zqlxysq2pK9HlDIHyHyakeYaYnSAwd8bow==

ecdsa-sig-formatter@1.0.11, ecdsa-sig-formatter@^1.0.11:
  version "1.0.11"
  resolved "https://registry.yarnpkg.com/ecdsa-sig-formatter/-/ecdsa-sig-formatter-1.0.11.tgz#ae0f0fa2d85045ef14a817daa3ce9acd0489e5bf"
  integrity sha512-nagl3RYrbNv6kQkeJIpt6NJZy8twLB/2vtz6yN9Z4vRKHN4/QZJIEbqohALSgwKdnksuY3k5Addp5lg8sVoVcQ==
  dependencies:
    safe-buffer "^5.0.1"

elliptic@^6.6.1:
  version "6.6.1"
  resolved "https://registry.yarnpkg.com/elliptic/-/elliptic-6.6.1.tgz#3b8ffb02670bf69e382c7f65bf524c97c5405c06"
  integrity sha512-RaddvvMatK2LJHqFJ+YA4WysVN5Ita9E35botqIYspQ4TkRAlCicdzKOjlyv/1Za5RyTNn7di//eEV0uTAfe3g==
  dependencies:
    bn.js "^4.11.9"
    brorand "^1.1.0"
    hash.js "^1.0.0"
    hmac-drbg "^1.0.1"
    inherits "^2.0.4"
    minimalistic-assert "^1.0.1"
    minimalistic-crypto-utils "^1.0.1"

fast-xml-builder@^1.1.7:
  version "1.2.0"
  resolved "https://registry.yarnpkg.com/fast-xml-builder/-/fast-xml-builder-1.2.0.tgz#abd2363145a7625d9789ad96da375fabe3cff28c"
  integrity sha512-00aAWieqff+ZJhsXA4g1g7M8k+7AYoMUUHF+/zFb5U6Uv/P0Vl4QZo84/IcufzYalLuEj9928bXN9PbbFzMF0Q==
  dependencies:
    path-expression-matcher "^1.5.0"
    xml-naming "^0.1.0"

fast-xml-parser@5.7.3:
  version "5.7.3"
  resolved "https://registry.yarnpkg.com/fast-xml-parser/-/fast-xml-parser-5.7.3.tgz#309b04b08d835defc62ab657a0bb340c0e0fbe6a"
  integrity sha512-C0AaNuC+mscy6vrAQKAc/rMq+zAPHodfHGZu4sGVehvAQt/JLG1O5zEcYcXSY5zSqr4YVgxsB+pHXTq0i7eDlg==
  dependencies:
    "@nodable/entities" "^2.1.0"
    fast-xml-builder "^1.1.7"
    path-expression-matcher "^1.5.0"
    strnum "^2.2.3"

hash.js@^1.0.0, hash.js@^1.0.3:
  version "1.1.7"
  resolved "https://registry.yarnpkg.com/hash.js/-/hash.js-1.1.7.tgz#0babca538e8d4ee4a0f8988d68866537a003cf42"
  integrity sha512-taOaskGt4z4SOANNseOviYDvjEJinIkRgmp7LbKP2YTTmVxWBl87s/uzK9r+44BclBSp2X7K1hqeNfz9JbBeXA==
  dependencies:
    inherits "^2.0.3"
    minimalistic-assert "^1.0.1"

hmac-drbg@^1.0.1:
  version "1.0.1"
  resolved "https://registry.yarnpkg.com/hmac-drbg/-/hmac-drbg-1.0.1.tgz#d2745701025a6c775a6c545793ed502fc0c649a1"
  integrity sha512-Tti3gMqLdZfhOQY1Mzf/AanLiqh1WTiJgEj26ZuYQ9fbkLomzGchCws4FyrSd4VkpBfiNhaE1On+lOz894jvXg==
  dependencies:
    hash.js "^1.0.3"
    minimalistic-assert "^1.0.0"
    minimalistic-crypto-utils "^1.0.1"

inherits@^2.0.1, inherits@^2.0.3, inherits@^2.0.4:
  version "2.0.4"
  resolved "https://registry.yarnpkg.com/inherits/-/inherits-2.0.4.tgz#0fa2c64f932917c3433a0ded55363aae37416b7c"
  integrity sha512-k/vGaX4/Yla3WzyMCvTQOXYeIHvqOKtnqBduzTHpzpQZzAskKMhZ2K+EnBiSM9zGSoIFeMpXKxa4dYeZIQqewQ==

js-base64@^3.7.2:
  version "3.7.8"
  resolved "https://registry.yarnpkg.com/js-base64/-/js-base64-3.7.8.tgz#af44496bc09fa178ed9c4adf67eb2b46f5c6d2a4"
  integrity sha512-hNngCeKxIUQiEUN3GPJOkz4wF/YvdUdbNL9hsBcMQTkKzboD7T/q3OYOuuPZLUE6dBxSGpwhk5mwuDud7JVAow==

jwa@^2.0.1:
  version "2.0.1"
  resolved "https://registry.yarnpkg.com/jwa/-/jwa-2.0.1.tgz#bf8176d1ad0cd72e0f3f58338595a13e110bc804"
  integrity sha512-hRF04fqJIP8Abbkq5NKGN0Bbr3JxlQ+qhZufXVr0DvujKy93ZCbXZMHDL4EOtodSbCWxOqR8MS1tXA5hwqCXDg==
  dependencies:
    buffer-equal-constant-time "^1.0.1"
    ecdsa-sig-formatter "1.0.11"
    safe-buffer "^5.0.1"

jwk-to-pem@^2.0.5:
  version "2.0.7"
  resolved "https://registry.yarnpkg.com/jwk-to-pem/-/jwk-to-pem-2.0.7.tgz#ceee3ad9d90206c525a9d02f1efe29e8c691178f"
  integrity sha512-cSVphrmWr6reVchuKQZdfSs4U9c5Y4hwZggPoz6cbVnTpAVgGRpEuQng86IyqLeGZlhTh+c4MAreB6KbdQDKHQ==
  dependencies:
    asn1.js "^5.3.0"
    elliptic "^6.6.1"
    safe-buffer "^5.0.1"

jws@^4.0.0:
  version "4.0.1"
  resolved "https://registry.yarnpkg.com/jws/-/jws-4.0.1.tgz#07edc1be8fac20e677b283ece261498bd38f0690"
  integrity sha512-EKI/M/yqPncGUUh44xz0PxSidXFr/+r0pA70+gIYhjv+et7yxM+s29Y+VGDkovRofQem0fs7Uvf4+YmAdyRduA==
  dependencies:
    jwa "^2.0.1"
    safe-buffer "^5.0.1"

minimalistic-assert@^1.0.0, minimalistic-assert@^1.0.1:
  version "1.0.1"
  resolved "https://registry.yarnpkg.com/minimalistic-assert/-/minimalistic-assert-1.0.1.tgz#2e194de044626d4a10e7f7fbc00ce73e83e4d5c7"
  integrity sha512-UtJcAD4yEaGtjPezWuO9wC4nwUnVH/8/Im3yEHQP4b67cXlD/Qr9hdITCU1xDbSEXg2XKNaP8jsReV7vQd00/A==

minimalistic-crypto-utils@^1.0.1:
  version "1.0.1"
  resolved "https://registry.yarnpkg.com/minimalistic-crypto-utils/-/minimalistic-crypto-utils-1.0.1.tgz#f6c00c1c0b082246e5c4d99dfb8c7c083b2b582a"
  integrity sha512-JIYlbt6g8i5jKfJ3xz7rF0LXmv2TkDxBLUkiBeZ7bAx4GnnNMr8xFpGnOxn6GhTEHx3SjRrZEoU+j04prX1ktg==

path-expression-matcher@^1.5.0:
  version "1.5.0"
  resolved "https://registry.yarnpkg.com/path-expression-matcher/-/path-expression-matcher-1.5.0.tgz#3b98545dc88ffebb593e2d8458d0929da9275f4a"
  integrity sha512-cbrerZV+6rvdQrrD+iGMcZFEiiSrbv9Tfdkvnusy6y0x0GKBXREFg/Y65GhIfm0tnLntThhzCnfKwp1WRjeCyQ==

safe-buffer@^5.0.1:
  version "5.2.1"
  resolved "https://registry.yarnpkg.com/safe-buffer/-/safe-buffer-5.2.1.tgz#1eaf9fa9bdb1fdd4ec75f58f9cdb4e6b7827eec6"
  integrity sha512-rp3So07KcdmmKbGvgaNxQSJr7bGVSVk5S9Eq1F+ppbRo70+YeaDxkw5Dd8NPN+GD6bjnYm2VuPuCXmpuYvmCXQ==

safer-buffer@^2.1.0:
  version "2.1.2"
  resolved "https://registry.yarnpkg.com/safer-buffer/-/safer-buffer-2.1.2.tgz#44fa161b0187b9549dd84bb91802f9bd8385cd6a"
  integrity sha512-YZo3K82SD7Riyi0E1EQPojLz7kpepnSQI9IyPbHHg1XXXevb5dJI7tpyN2ADxGcQbHG7vcyRHk0cbwqcQriUtg==

strnum@^2.2.3:
  version "2.4.0"
  resolved "https://registry.yarnpkg.com/strnum/-/strnum-2.4.0.tgz#304881c3299b017855f1934a4ce85bfb60b1ca2a"
  integrity sha512-sHrVyWWdq28RbhjuJdZsA1SnGRJV6NiXbk6AXBxDOsgAcA+lmpUZCYjOdLBxkXMwis6RRe7dlZt4VlIWFVzkmg==
  dependencies:
    anynum "^1.0.0"

"truelayer-signing@file:../..":
  version "0.0.1"
  dependencies:
    "@types/jwk-to-pem" "^2.0.1"
    "@types/node" "^24.10.1"
    js-base64 "^3.7.2"
    jwk-to-pem "^2.0.5"
    jws "^4.0.0"

tslib@^2.6.2:
  version "2.8.1"
  resolved "https://registry.yarnpkg.com/tslib/-/tslib-2.8.1.tgz#612efe4ed235d567e8aba5f2a5fab70280ade83f"
  integrity sha512-oJFu94HQb+KVduSUQL7wnpmqnfmLsOA/nAh6b6EH0wCEoK0/mPeXU6c3wKDV83MkOuHPRHtSXKKU99IBazS/2w==

typescript@^5.0.4:
  version "5.9.3"
  resolved "https://registry.yarnpkg.com/typescript/-/typescript-5.9.3.tgz#5b4f59e15310ab17a216f5d6cf53ee476ede670f"
  integrity sha512-jl1vZzPDinLr9eUt3J/t7V6FgNEw9QjvBPdysz9KfQDD41fQrC2Y4vKQdiaUpFT4bXlb1RHhLpp8wtm6M5TgSw==

undici-types@~6.21.0:
  version "6.21.0"
  resolved "https://registry.yarnpkg.com/undici-types/-/undici-types-6.21.0.tgz#691d00af3909be93a7faa13be61b3a5b50ef12cb"
  integrity sha512-iwDZqg0QAGrg9Rav5H4n0M64c3mkR59cJ6wQp+7C4nI0gsmExaedaYLNO44eT4AtBBwjbTiGPMlt2Md0T9H9JQ==

undici-types@~7.18.0:
  version "7.18.2"
  resolved "https://registry.yarnpkg.com/undici-types/-/undici-types-7.18.2.tgz#29357a89e7b7ca4aef3bf0fd3fd0cd73884229e9"
  integrity sha512-AsuCzffGHJybSaRrmr5eHr81mwJU3kjw6M+uprWvCXiNeN9SOGwQ3Jn8jb8m3Z6izVgknn1R0FTCEAP2QrLY/w==

xml-naming@^0.1.0:
  version "0.1.0"
  resolved "https://registry.yarnpkg.com/xml-naming/-/xml-naming-0.1.0.tgz#8ab7106c5b8d23caa2fabac1cadf17136379fbd8"
  integrity sha512-k8KO9hrMyNk6tUWqUfkTEZbezRRpONVOzUTnc97VnCvyj6Tf9lyUR9EDAIeiVLv56jsMcoXEwjW8Kv5yPY52lw==
