github.com/Truelayer/truelayer-signing/go v0.1.4 h1:tdYr7J8orPEUlrVJ4g922V0OVr+Px4QDOxaHbOcbI7w=
github.com/Truelayer/truelayer-signing/go v0.1.4/go.mod h1:SWksk9wzvQRhn0rb8Q0drHt9N0w67pvTg0PWBdQ+cWk=
github.com/davecgh/go-spew v1.1.0/go.mod h1:J7Y8YcW2NihsgmVo/mv3lAwl/skON4iLHjSsI+c5H38=
github.com/google/uuid v1.3.0 h1:t6JiXgmwXMjEs8VusXIJk2BXHsn+wx8BZdTaoZ5fu7I=
github.com/google/uuid v1.3.0/go.mod h1:TIyPZe4MgqvfeYDBFedMoGGpEw/LqOeaOT+nhxU+yHo=
github.com/pmezard/go-difflib v1.0.0/go.mod h1:iKH77koFhYxTK1pcRnkKkqfTogsbg7gZNVY4sRDYZ/4=
github.com/stretchr/objx v0.1.0/go.mod h1:HFkY916IF+rwdDfMAkV7OtwuqBVzrE8GR6GFx+wExME=
github.com/stretchr/testify v1.6.1/go.mod h1:6Fq8oRcR53rry900zMqJjRRixrwX3KX962/h/Wwjteg=
github.com/stretchr/testify v1.7.0/go.mod h1:6Fq8oRcR53rry900zMqJjRRixrwX3KX962/h/Wwjteg=
github.com/wk8/go-ordered-map v0.2.0 h1:KlvGyHstD1kkGZkPtHCyCfRYS0cz84uk6rrW/Dnhdtk=
github.com/wk8/go-ordered-map v0.2.0/go.mod h1:9ZIbRunKbuvfPKyBP1SIKLcXNlv74YCOZ3t3VTS6gRk=
gopkg.in/check.v1 v0.0.0-20161208181325-20d25e280405/go.mod h1:Co6ibVJAznAaIkqp8huTwlJQCZ016jof/cbN4VW5Yz0=
gopkg.in/yaml.v3 v3.0.0-20200313102051-9f266ea9e77c/go.mod h1:K4uyk7z7BCEPqu6E+C64Yfv1cQ7kz7rIZviUmN+EgEM=
